
Microsoft Visual Studio Solution File, Format Version 12.00
# Visual Studio Version 16
VisualStudioVersion = 16.0.33801.447
MinimumVisualStudioVersion = 10.0.40219.1
Project("{FAE04EC0-301F-11D3-BF4B-00C04F79EFBC}") = "MvcMovie", "MvcMovie.csproj", "{3AA73B95-C0C5-4C8E-8A15-23CD58505FE6}"
EndProject
Global
	GlobalSection(SolutionConfigurationPlatforms) = preSolution
		Debug|Any CPU = Debug|Any CPU
		Release|Any CPU = Release|Any CPU
	EndGlobalSection
	GlobalSection(ProjectConfigurationPlatforms) = postSolution
		{3AA73B95-C0C5-4C8E-8A15-23CD58505FE6}.Debug|Any CPU.ActiveCfg = Debug|Any CPU
		{3AA73B95-C0C5-4C8E-8A15-23CD58505FE6}.Debug|Any CPU.Build.0 = Debug|Any CPU
		{3AA73B95-C0C5-4C8E-8A15-23CD58505FE6}.Release|Any CPU.ActiveCfg = Release|Any CPU
		{3AA73B95-C0C5-4C8E-8A15-23CD58505FE6}.Release|Any CPU.Build.0 = Release|Any CPU
	EndGlobalSection
	GlobalSection(SolutionProperties) = preSolution
		HideSolutionNode = FALSE
	EndGlobalSection
	GlobalSection(ExtensibilityGlobals) = postSolution
		SolutionGuid = {AE7901D6-CE79-4EAD-BE33-9E2258EE9A01}
	EndGlobalSection
EndGlobal
